
Microsoft Visual Studio Solution File, Format Version 12.00
# Visual Studio Version 16
VisualStudioVersion = 16.0.31321.278
MinimumVisualStudioVersion = 10.0.40219.1
Project("{9A19103F-16F7-4668-BE54-9A1E7A4F7556}") = "StaticInitializationNet5", "StaticInitializationNet5\StaticInitializationNet5.csproj", "{B0B9460F-6C96-4BE4-B016-807E689A1531}"
EndProject
Project("{FAE04EC0-301F-11D3-BF4B-00C04F79EFBC}") = "StaticInitializationNet472", "StaticInitializationNet472\StaticInitializationNet472.csproj", "{EC8E068A-DDD8-485F-899B-764A26A913EF}"
EndProject
Global
	GlobalSection(SolutionConfigurationPlatforms) = preSolution
		Debug|Any CPU = Debug|Any CPU
		Release|Any CPU = Release|Any CPU
	EndGlobalSection
	GlobalSection(ProjectConfigurationPlatforms) = postSolution
		{B0B9460F-6C96-4BE4-B016-807E689A1531}.Debug|Any CPU.ActiveCfg = Debug|Any CPU
		{B0B9460F-6C96-4BE4-B016-807E689A1531}.Debug|Any CPU.Build.0 = Debug|Any CPU
		{B0B9460F-6C96-4BE4-B016-807E689A1531}.Release|Any CPU.ActiveCfg = Release|Any CPU
		{B0B9460F-6C96-4BE4-B016-807E689A1531}.Release|Any CPU.Build.0 = Release|Any CPU
		{EC8E068A-DDD8-485F-899B-764A26A913EF}.Debug|Any CPU.ActiveCfg = Debug|Any CPU
		{EC8E068A-DDD8-485F-899B-764A26A913EF}.Debug|Any CPU.Build.0 = Debug|Any CPU
		{EC8E068A-DDD8-485F-899B-764A26A913EF}.Release|Any CPU.ActiveCfg = Release|Any CPU
		{EC8E068A-DDD8-485F-899B-764A26A913EF}.Release|Any CPU.Build.0 = Release|Any CPU
	EndGlobalSection
	GlobalSection(SolutionProperties) = preSolution
		HideSolutionNode = FALSE
	EndGlobalSection
	GlobalSection(ExtensibilityGlobals) = postSolution
		SolutionGuid = {B4284697-E66C-482A-85CF-3CA5AF66FCE3}
	EndGlobalSection
EndGlobal
